
Microsoft Visual Studio Solution File, Format Version 12.00
# Visual Studio 15
VisualStudioVersion = 15.0.28307.1267
MinimumVisualStudioVersion = 10.0.40219.1
Project("{FAE04EC0-301F-11D3-BF4B-00C04F79EFBC}") = "ffmpegSplitter", "ffmpegSplitter.csproj", "{1030ED49-E496-42E9-954F-1B94F60B905A}"
EndProject
Global
	GlobalSection(SolutionConfigurationPlatforms) = preSolution
		Debug|Any CPU = Debug|Any CPU
		Release|Any CPU = Release|Any CPU
	EndGlobalSection
	GlobalSection(ProjectConfigurationPlatforms) = postSolution
		{1030ED49-E496-42E9-954F-1B94F60B905A}.Debug|Any CPU.ActiveCfg = Debug|Any CPU
		{1030ED49-E496-42E9-954F-1B94F60B905A}.Debug|Any CPU.Build.0 = Debug|Any CPU
		{1030ED49-E496-42E9-954F-1B94F60B905A}.Release|Any CPU.ActiveCfg = Release|Any CPU
		{1030ED49-E496-42E9-954F-1B94F60B905A}.Release|Any CPU.Build.0 = Release|Any CPU
	EndGlobalSection
	GlobalSection(SolutionProperties) = preSolution
		HideSolutionNode = FALSE
	EndGlobalSection
	GlobalSection(ExtensibilityGlobals) = postSolution
		SolutionGuid = {37B7278C-8AFE-44BA-847A-EE1E907BA0B6}
	EndGlobalSection
EndGlobal
